{
  "name": "project",
  "lockfileVersion": 3,
  "requires": true,
  "packages": {
    "": {
      "dependencies": {
        "wavesurfer.js": "^7.0.0-beta.16"
      }
    },
    "node_modules/wavesurfer.js": {
      "version": "7.0.0-beta.16",
      "resolved": "https://registry.npmjs.org/wavesurfer.js/-/wavesurfer.js-7.0.0-beta.16.tgz",
      "integrity": "sha512-I4+/QrSmu1UXeuzSpuBntja5zR6gqZ9r3Sb51w03nxYqeGDIUkBnUBdvtkJB2kqS/P/S9m5rnGyEGdOUOqEOdw=="
    }
  }
}
